
Microsoft Visual Studio Solution File, Format Version 12.00
# Visual Studio Version 17
VisualStudioVersion = 17.14.36518.9 d17.14
MinimumVisualStudioVersion = 10.0.40219.1
Project("{FAE04EC0-301F-11D3-BF4B-00C04F79EFBC}") = "Zadanie 2 cs", "Zadanie 2 cs.csproj", "{B550AD57-B308-4436-B50D-EB2B6631847C}"
EndProject
Global
	GlobalSection(SolutionConfigurationPlatforms) = preSolution
		Debug|Any CPU = Debug|Any CPU
		Release|Any CPU = Release|Any CPU
	EndGlobalSection
	GlobalSection(ProjectConfigurationPlatforms) = postSolution
		{B550AD57-B308-4436-B50D-EB2B6631847C}.Debug|Any CPU.ActiveCfg = Debug|Any CPU
		{B550AD57-B308-4436-B50D-EB2B6631847C}.Debug|Any CPU.Build.0 = Debug|Any CPU
		{B550AD57-B308-4436-B50D-EB2B6631847C}.Release|Any CPU.ActiveCfg = Release|Any CPU
		{B550AD57-B308-4436-B50D-EB2B6631847C}.Release|Any CPU.Build.0 = Release|Any CPU
	EndGlobalSection
	GlobalSection(SolutionProperties) = preSolution
		HideSolutionNode = FALSE
	EndGlobalSection
	GlobalSection(ExtensibilityGlobals) = postSolution
		SolutionGuid = {FCCACA05-23FF-4C9B-B557-89A5A958CC9B}
	EndGlobalSection
EndGlobal
